
Microsoft Visual Studio Solution File, Format Version 12.00
# Visual Studio Version 17
VisualStudioVersion = 17.3.32929.385
MinimumVisualStudioVersion = 10.0.40219.1
Project("{F184B08F-C81C-45F6-A57F-5ABD9991F28F}") = "WpfApp1", "WpfApp1\WpfApp1.vbproj", "{CCD0684F-8CFA-48CF-B2F3-00351ED161B2}"
EndProject
Global
	GlobalSection(SolutionConfigurationPlatforms) = preSolution
		Debug|Any CPU = Debug|Any CPU
		Release|Any CPU = Release|Any CPU
	EndGlobalSection
	GlobalSection(ProjectConfigurationPlatforms) = postSolution
		{CCD0684F-8CFA-48CF-B2F3-00351ED161B2}.Debug|Any CPU.ActiveCfg = Debug|Any CPU
		{CCD0684F-8CFA-48CF-B2F3-00351ED161B2}.Debug|Any CPU.Build.0 = Debug|Any CPU
		{CCD0684F-8CFA-48CF-B2F3-00351ED161B2}.Release|Any CPU.ActiveCfg = Release|Any CPU
		{CCD0684F-8CFA-48CF-B2F3-00351ED161B2}.Release|Any CPU.Build.0 = Release|Any CPU
	EndGlobalSection
	GlobalSection(SolutionProperties) = preSolution
		HideSolutionNode = FALSE
	EndGlobalSection
	GlobalSection(ExtensibilityGlobals) = postSolution
		SolutionGuid = {A1B97FE3-0E78-4AE9-8304-A0FB3E61082E}
	EndGlobalSection
EndGlobal
